
Microsoft Visual Studio Solution File, Format Version 12.00
# Visual Studio 15
VisualStudioVersion = 15.0.28010.0
MinimumVisualStudioVersion = 10.0.40219.1
Project("{FAE04EC0-301F-11D3-BF4B-00C04F79EFBC}") = "AddWithThreads", "AddWithThreads\AddWithThreads.csproj", "{F79FF7E6-B4EE-4960-9452-AAB3B26AD2D1}"
EndProject
Global
	GlobalSection(SolutionConfigurationPlatforms) = preSolution
		Debug|Any CPU = Debug|Any CPU
		Release|Any CPU = Release|Any CPU
	EndGlobalSection
	GlobalSection(ProjectConfigurationPlatforms) = postSolution
		{F79FF7E6-B4EE-4960-9452-AAB3B26AD2D1}.Debug|Any CPU.ActiveCfg = Debug|Any CPU
		{F79FF7E6-B4EE-4960-9452-AAB3B26AD2D1}.Debug|Any CPU.Build.0 = Debug|Any CPU
		{F79FF7E6-B4EE-4960-9452-AAB3B26AD2D1}.Release|Any CPU.ActiveCfg = Release|Any CPU
		{F79FF7E6-B4EE-4960-9452-AAB3B26AD2D1}.Release|Any CPU.Build.0 = Release|Any CPU
	EndGlobalSection
	GlobalSection(SolutionProperties) = preSolution
		HideSolutionNode = FALSE
	EndGlobalSection
	GlobalSection(ExtensibilityGlobals) = postSolution
		SolutionGuid = {C2CC8173-71C0-465A-A360-90BC8A22B3C4}
	EndGlobalSection
EndGlobal
